# This file is automatically @generated by Cargo.
# It is not intended for manual editing.
version = 4

[[package]]
name = "alias-target"
version = "0.1.0"

[[package]]
name = "app"
version = "0.1.0"
dependencies = [
 "alias-target",
 "common",
 "optdep",
 "pm",
 "shared",
 "tool",
 "unixonly",
 "winonly",
]

[[package]]
name = "common"
version = "0.1.0"

[[package]]
name = "optdep"
version = "0.1.0"

[[package]]
name = "pm"
version = "0.1.0"
dependencies = [
 "pmonly",
 "shared",
]

[[package]]
name = "pmonly"
version = "0.1.0"

[[package]]
name = "shared"
version = "0.1.0"

[[package]]
name = "tool"
version = "0.1.0"
dependencies = [
 "common",
]

[[package]]
name = "unixonly"
version = "0.1.0"

[[package]]
name = "winonly"
version = "0.1.0"
